
Microsoft Visual Studio Solution File, Format Version 10.00
# Visual Studio 2008
Project("{8BC9CEB8-8B4A-11D0-8D11-00A0C91BC942}") = "marketsim", "marketsim\marketsim.vcproj", "{EF26B641-EC8E-4138-A921-A9656AB9038A}"
EndProject
Project("{8BC9CEB8-8B4A-11D0-8D11-00A0C91BC942}") = "tests", "tests\tests.vcproj", "{626E7D9B-0754-43D7-94C3-FDCBADB07142}"
EndProject
Project("{2150E333-8FDC-42A3-9474-1A3956D46DE8}") = "Python", "Python", "{24C12864-833E-4E6F-9995-4E326D52963B}"
EndProject
Project("{8BC9CEB8-8B4A-11D0-8D11-00A0C91BC942}") = "fast", "python\fast\fast.vcproj", "{79B7FE66-4A3C-424E-9F1E-968D967C3D32}"
EndProject
Project("{8BC9CEB8-8B4A-11D0-8D11-00A0C91BC942}") = "basic", "python\basic\basic.vcproj", "{79B7FE66-4A3C-424E-9F1E-968D967C3D31}"
EndProject
Project("{8BC9CEB8-8B4A-11D0-8D11-00A0C91BC942}") = "mini", "python\mini\mini.vcproj", "{4D3F414A-1D22-4313-AFEA-FFABA460ED0E}"
EndProject
Global
	GlobalSection(SolutionConfigurationPlatforms) = preSolution
		Debug|Win32 = Debug|Win32
		Release|Win32 = Release|Win32
	EndGlobalSection
	GlobalSection(ProjectConfigurationPlatforms) = postSolution
		{EF26B641-EC8E-4138-A921-A9656AB9038A}.Debug|Win32.ActiveCfg = Debug|Win32
		{EF26B641-EC8E-4138-A921-A9656AB9038A}.Debug|Win32.Build.0 = Debug|Win32
		{EF26B641-EC8E-4138-A921-A9656AB9038A}.Release|Win32.ActiveCfg = Release|Win32
		{EF26B641-EC8E-4138-A921-A9656AB9038A}.Release|Win32.Build.0 = Release|Win32
		{626E7D9B-0754-43D7-94C3-FDCBADB07142}.Debug|Win32.ActiveCfg = Debug|Win32
		{626E7D9B-0754-43D7-94C3-FDCBADB07142}.Debug|Win32.Build.0 = Debug|Win32
		{626E7D9B-0754-43D7-94C3-FDCBADB07142}.Release|Win32.ActiveCfg = Release|Win32
		{626E7D9B-0754-43D7-94C3-FDCBADB07142}.Release|Win32.Build.0 = Release|Win32
		{79B7FE66-4A3C-424E-9F1E-968D967C3D32}.Debug|Win32.ActiveCfg = Debug|Win32
		{79B7FE66-4A3C-424E-9F1E-968D967C3D32}.Debug|Win32.Build.0 = Debug|Win32
		{79B7FE66-4A3C-424E-9F1E-968D967C3D32}.Release|Win32.ActiveCfg = Release|Win32
		{79B7FE66-4A3C-424E-9F1E-968D967C3D32}.Release|Win32.Build.0 = Release|Win32
		{79B7FE66-4A3C-424E-9F1E-968D967C3D31}.Debug|Win32.ActiveCfg = Debug|Win32
		{79B7FE66-4A3C-424E-9F1E-968D967C3D31}.Debug|Win32.Build.0 = Debug|Win32
		{79B7FE66-4A3C-424E-9F1E-968D967C3D31}.Release|Win32.ActiveCfg = Release|Win32
		{79B7FE66-4A3C-424E-9F1E-968D967C3D31}.Release|Win32.Build.0 = Release|Win32
		{4D3F414A-1D22-4313-AFEA-FFABA460ED0E}.Debug|Win32.ActiveCfg = Debug|Win32
		{4D3F414A-1D22-4313-AFEA-FFABA460ED0E}.Debug|Win32.Build.0 = Debug|Win32
		{4D3F414A-1D22-4313-AFEA-FFABA460ED0E}.Release|Win32.ActiveCfg = Release|Win32
		{4D3F414A-1D22-4313-AFEA-FFABA460ED0E}.Release|Win32.Build.0 = Release|Win32
	EndGlobalSection
	GlobalSection(SolutionProperties) = preSolution
		HideSolutionNode = FALSE
	EndGlobalSection
	GlobalSection(NestedProjects) = preSolution
		{79B7FE66-4A3C-424E-9F1E-968D967C3D32} = {24C12864-833E-4E6F-9995-4E326D52963B}
		{79B7FE66-4A3C-424E-9F1E-968D967C3D31} = {24C12864-833E-4E6F-9995-4E326D52963B}
		{4D3F414A-1D22-4313-AFEA-FFABA460ED0E} = {24C12864-833E-4E6F-9995-4E326D52963B}
	EndGlobalSection
EndGlobal
